
Microsoft Visual Studio Solution File, Format Version 12.00
# Visual Studio Version 17
VisualStudioVersion = 17.3.32819.101
MinimumVisualStudioVersion = 10.0.40219.1
Project("{FAE04EC0-301F-11D3-BF4B-00C04F79EFBC}") = "AbbyWeb", "AbbyWeb\AbbyWeb.csproj", "{0A203DDC-4C1A-45D8-B22B-319474503B7E}"
EndProject
Global
	GlobalSection(SolutionConfigurationPlatforms) = preSolution
		Debug|Any CPU = Debug|Any CPU
		Release|Any CPU = Release|Any CPU
	EndGlobalSection
	GlobalSection(ProjectConfigurationPlatforms) = postSolution
		{0A203DDC-4C1A-45D8-B22B-319474503B7E}.Debug|Any CPU.ActiveCfg = Debug|Any CPU
		{0A203DDC-4C1A-45D8-B22B-319474503B7E}.Debug|Any CPU.Build.0 = Debug|Any CPU
		{0A203DDC-4C1A-45D8-B22B-319474503B7E}.Release|Any CPU.ActiveCfg = Release|Any CPU
		{0A203DDC-4C1A-45D8-B22B-319474503B7E}.Release|Any CPU.Build.0 = Release|Any CPU
	EndGlobalSection
	GlobalSection(SolutionProperties) = preSolution
		HideSolutionNode = FALSE
	EndGlobalSection
	GlobalSection(ExtensibilityGlobals) = postSolution
		SolutionGuid = {203F2C40-7792-4262-897F-74C387BBF11B}
	EndGlobalSection
EndGlobal
